
Microsoft Visual Studio Solution File, Format Version 12.00
# Visual Studio Version 17
VisualStudioVersion = 17.12.35707.178
MinimumVisualStudioVersion = 10.0.40219.1
Project("{FAE04EC0-301F-11D3-BF4B-00C04F79EFBC}") = "IotProject.BlazorDashboard", "IotProject.BlazorDashboard\IotProject.BlazorDashboard.csproj", "{C6DE0C00-BF1E-4069-963C-F2004C6DB23A}"
EndProject
Project("{FAE04EC0-301F-11D3-BF4B-00C04F79EFBC}") = "IotProject.API", "IotProject.API\IotProject.API.csproj", "{C4EBA0E6-BB83-4C0F-8BC6-9E29F0F68E9A}"
EndProject
Project("{2150E333-8FDC-42A3-9474-1A3956D46DE8}") = "Backend", "Backend", "{8891851C-25E8-43DF-BA46-25204174EC8A}"
EndProject
Project("{2150E333-8FDC-42A3-9474-1A3956D46DE8}") = "Frontend", "Frontend", "{545E85A9-FAC7-4F1C-960C-6D530601F583}"
EndProject
Project("{E53339B2-1760-4266-BCC7-CA923CBCF16C}") = "docker-compose", "docker-compose.dcproj", "{116017EA-95A3-46E0-95E5-2D2C2727DAD8}"
EndProject
Project("{FAE04EC0-301F-11D3-BF4B-00C04F79EFBC}") = "IotProject.Shared", "IotProject.Shared\IotProject.Shared.csproj", "{579DB689-52CE-876D-E4AB-3AFFE9C35555}"
EndProject
Project("{2150E333-8FDC-42A3-9474-1A3956D46DE8}") = "Libraries", "Libraries", "{81C90B35-1320-4D2C-A2C2-094630D3E335}"
EndProject
Project("{FAE04EC0-301F-11D3-BF4B-00C04F79EFBC}") = "IotProject.Auth", "IotProject.Auth\IotProject.Auth.csproj", "{77B1C480-B2F9-416B-9DC6-9650D61B89D8}"
EndProject
Project("{FAE04EC0-301F-11D3-BF4B-00C04F79EFBC}") = "IotProject.Mobile", "IotProject.Mobile\IotProject.Mobile.csproj", "{5CFE38F9-8A57-4A75-BD2B-0713B0332F96}"
EndProject
Project("{FAE04EC0-301F-11D3-BF4B-00C04F79EFBC}") = "IotProject.RazorShared", "IotProject.RazorShared\IotProject.RazorShared.csproj", "{0971C3A3-6FFA-4706-BD11-CB2F73D9C59E}"
EndProject
Global
	GlobalSection(SolutionConfigurationPlatforms) = preSolution
		Debug|Any CPU = Debug|Any CPU
		Release|Any CPU = Release|Any CPU
	EndGlobalSection
	GlobalSection(ProjectConfigurationPlatforms) = postSolution
		{C6DE0C00-BF1E-4069-963C-F2004C6DB23A}.Debug|Any CPU.ActiveCfg = Debug|Any CPU
		{C6DE0C00-BF1E-4069-963C-F2004C6DB23A}.Debug|Any CPU.Build.0 = Debug|Any CPU
		{C6DE0C00-BF1E-4069-963C-F2004C6DB23A}.Release|Any CPU.ActiveCfg = Release|Any CPU
		{C6DE0C00-BF1E-4069-963C-F2004C6DB23A}.Release|Any CPU.Build.0 = Release|Any CPU
		{C4EBA0E6-BB83-4C0F-8BC6-9E29F0F68E9A}.Debug|Any CPU.ActiveCfg = Debug|Any CPU
		{C4EBA0E6-BB83-4C0F-8BC6-9E29F0F68E9A}.Debug|Any CPU.Build.0 = Debug|Any CPU
		{C4EBA0E6-BB83-4C0F-8BC6-9E29F0F68E9A}.Release|Any CPU.ActiveCfg = Release|Any CPU
		{C4EBA0E6-BB83-4C0F-8BC6-9E29F0F68E9A}.Release|Any CPU.Build.0 = Release|Any CPU
		{116017EA-95A3-46E0-95E5-2D2C2727DAD8}.Debug|Any CPU.ActiveCfg = Debug|Any CPU
		{116017EA-95A3-46E0-95E5-2D2C2727DAD8}.Debug|Any CPU.Build.0 = Debug|Any CPU
		{116017EA-95A3-46E0-95E5-2D2C2727DAD8}.Release|Any CPU.ActiveCfg = Release|Any CPU
		{116017EA-95A3-46E0-95E5-2D2C2727DAD8}.Release|Any CPU.Build.0 = Release|Any CPU
		{579DB689-52CE-876D-E4AB-3AFFE9C35555}.Debug|Any CPU.ActiveCfg = Debug|Any CPU
		{579DB689-52CE-876D-E4AB-3AFFE9C35555}.Debug|Any CPU.Build.0 = Debug|Any CPU
		{579DB689-52CE-876D-E4AB-3AFFE9C35555}.Release|Any CPU.ActiveCfg = Release|Any CPU
		{579DB689-52CE-876D-E4AB-3AFFE9C35555}.Release|Any CPU.Build.0 = Release|Any CPU
		{77B1C480-B2F9-416B-9DC6-9650D61B89D8}.Debug|Any CPU.ActiveCfg = Debug|Any CPU
		{77B1C480-B2F9-416B-9DC6-9650D61B89D8}.Debug|Any CPU.Build.0 = Debug|Any CPU
		{77B1C480-B2F9-416B-9DC6-9650D61B89D8}.Release|Any CPU.ActiveCfg = Release|Any CPU
		{77B1C480-B2F9-416B-9DC6-9650D61B89D8}.Release|Any CPU.Build.0 = Release|Any CPU
		{5CFE38F9-8A57-4A75-BD2B-0713B0332F96}.Debug|Any CPU.ActiveCfg = Debug|Any CPU
		{5CFE38F9-8A57-4A75-BD2B-0713B0332F96}.Debug|Any CPU.Build.0 = Debug|Any CPU
		{5CFE38F9-8A57-4A75-BD2B-0713B0332F96}.Debug|Any CPU.Deploy.0 = Debug|Any CPU
		{5CFE38F9-8A57-4A75-BD2B-0713B0332F96}.Release|Any CPU.ActiveCfg = Release|Any CPU
		{5CFE38F9-8A57-4A75-BD2B-0713B0332F96}.Release|Any CPU.Build.0 = Release|Any CPU
		{5CFE38F9-8A57-4A75-BD2B-0713B0332F96}.Release|Any CPU.Deploy.0 = Release|Any CPU
		{0971C3A3-6FFA-4706-BD11-CB2F73D9C59E}.Debug|Any CPU.ActiveCfg = Debug|Any CPU
		{0971C3A3-6FFA-4706-BD11-CB2F73D9C59E}.Debug|Any CPU.Build.0 = Debug|Any CPU
		{0971C3A3-6FFA-4706-BD11-CB2F73D9C59E}.Release|Any CPU.ActiveCfg = Release|Any CPU
		{0971C3A3-6FFA-4706-BD11-CB2F73D9C59E}.Release|Any CPU.Build.0 = Release|Any CPU
	EndGlobalSection
	GlobalSection(SolutionProperties) = preSolution
		HideSolutionNode = FALSE
	EndGlobalSection
	GlobalSection(NestedProjects) = preSolution
		{C6DE0C00-BF1E-4069-963C-F2004C6DB23A} = {545E85A9-FAC7-4F1C-960C-6D530601F583}
		{C4EBA0E6-BB83-4C0F-8BC6-9E29F0F68E9A} = {8891851C-25E8-43DF-BA46-25204174EC8A}
		{579DB689-52CE-876D-E4AB-3AFFE9C35555} = {81C90B35-1320-4D2C-A2C2-094630D3E335}
		{77B1C480-B2F9-416B-9DC6-9650D61B89D8} = {81C90B35-1320-4D2C-A2C2-094630D3E335}
		{5CFE38F9-8A57-4A75-BD2B-0713B0332F96} = {545E85A9-FAC7-4F1C-960C-6D530601F583}
		{0971C3A3-6FFA-4706-BD11-CB2F73D9C59E} = {81C90B35-1320-4D2C-A2C2-094630D3E335}
	EndGlobalSection
	GlobalSection(ExtensibilityGlobals) = postSolution
		SolutionGuid = {2D5FCDA4-E14F-414F-8D67-60D29E81D1C3}
	EndGlobalSection
EndGlobal
